
Microsoft Visual Studio Solution File, Format Version 12.00
# Visual Studio Version 16
VisualStudioVersion = 16.0.34407.143
MinimumVisualStudioVersion = 10.0.40219.1
Project("{FAE04EC0-301F-11D3-BF4B-00C04F79EFBC}") = "finance-app-main", "finance-app-main\finance-app-main.csproj", "{D45F25B3-680B-4550-B7D0-9532B5DE7429}"
EndProject
Global
	GlobalSection(SolutionConfigurationPlatforms) = preSolution
		Debug|Any CPU = Debug|Any CPU
		Release|Any CPU = Release|Any CPU
	EndGlobalSection
	GlobalSection(ProjectConfigurationPlatforms) = postSolution
		{D45F25B3-680B-4550-B7D0-9532B5DE7429}.Debug|Any CPU.ActiveCfg = Debug|Any CPU
		{D45F25B3-680B-4550-B7D0-9532B5DE7429}.Debug|Any CPU.Build.0 = Debug|Any CPU
		{D45F25B3-680B-4550-B7D0-9532B5DE7429}.Release|Any CPU.ActiveCfg = Release|Any CPU
		{D45F25B3-680B-4550-B7D0-9532B5DE7429}.Release|Any CPU.Build.0 = Release|Any CPU
	EndGlobalSection
	GlobalSection(SolutionProperties) = preSolution
		HideSolutionNode = FALSE
	EndGlobalSection
	GlobalSection(ExtensibilityGlobals) = postSolution
		SolutionGuid = {828B1BEE-06B7-432A-960E-107F0CDD7EE8}
	EndGlobalSection
EndGlobal
